{
  "requires": true,
  "lockfileVersion": 1,
  "dependencies": {
    "@angular/fire": {
      "version": "6.1.4",
      "resolved": "https://registry.npmjs.org/@angular/fire/-/fire-6.1.4.tgz",
      "integrity": "sha512-5u305XnBC041JMrAtczLa0bdprxw7RkXy4kgcRCisPI8maGuiN4XzlwNYX+plCHZCo4R0motxQom//tPTA2edQ==",
      "requires": {
        "tslib": "^2.0.0"
      }
    },
    "tslib": {
      "version": "2.1.0",
      "resolved": "https://registry.npmjs.org/tslib/-/tslib-2.1.0.tgz",
      "integrity": "sha512-hcVC3wYEziELGGmEEXue7D75zbwIIVUMWAVbHItGPx0ziyXxrOMQx4rQEVEV45Ut/1IotuEvwqPopzIOkDMf0A=="
    }
  }
}
